github.com/DATA-DOG/go-sqlmock v1.5.2 h1:OcvFkGmslmlZibjAjaHm3L//6LiuBgolP7OputlJIzU=
github.com/DATA-DOG/go-sqlmock v1.5.2/go.mod h1:88MAG/4G7SMwSE3CeA0ZKzrT5CiOU3OJ+JlNzwDqpNU=
github.com/aws/aws-sdk-go-v2 v1.43.5 h1:yKT5GYnFWhuDo+DqKvE5ZPwVn3RjC4MAeBtZGlh6AVM=
github.com/aws/aws-sdk-go-v2 v1.43.5/go.mod h1:wZjAJppCntyOGgVSmgVTfDyRJK5PHOasO6Wsy8U7Axk=
github.com/aws/aws-sdk-go-v2/aws/protocol/eventstream v1.7.17 h1:mn+Vxb9zgz/FE/yDTcFim3DZ1qpcrxR+qBQkBrl6bzA=
github.com/aws/aws-sdk-go-v2/aws/protocol/eventstream v1.7.17/go.mod h1:eDfmEFxu+BSVsUGLbzJhWjpOurv1mqczClS97yI8wdk=
github.com/aws/aws-sdk-go-v2/config v1.32.36 h1:mX6ietU7UlB4w/2IUaexJdsyUDvhTd+jYPjVePiyi6s=
github.com/aws/aws-sdk-go-v2/config v1.32.36/go.mod h1:rMpV4xk7ZK59edraSaHP0jsWrztWTT5tbCwWY495hug=
github.com/aws/aws-sdk-go-v2/credentials v1.19.35 h1:Cxua2RVdRwL0sfjHM/SnQoOnQ7xKng9m5EQBO8BnZlg=
github.com/aws/aws-sdk-go-v2/credentials v1.19.35/go.mod h1:9XQ+RSIGPkycr+oCJYnB1uTv5kMVVR+rd2vYK0Hxj2w=
github.com/aws/aws-sdk-go-v2/feature/ec2/imds v1.18.36 h1:gucL1KH/PAYbpTpBg09CiVpBdTu4qkCl8C7xOTBixUg=
github.com/aws/aws-sdk-go-v2/feature/ec2/imds v1.18.36/go.mod h1:usTB+PHhNMhrx2dxUeHcM7OrT5pySvmjYI++IsefPN0=
github.com/aws/aws-sdk-go-v2/internal/configsources v1.4.36 h1:5CrzwxDqf4w3x1Vs3/NiZ0nsC34Hbm3pIDMWbsLebOE=
github.com/aws/aws-sdk-go-v2/internal/configsources v1.4.36/go.mod h1:A3gHdKZIvG/QXERzZwcxNS3RNDFcRCuhhTFBYp+V/nw=
github.com/aws/aws-sdk-go-v2/internal/endpoints/v2 v2.7.36 h1:A4N2f4YPcST0v+dWtX+xrpPPCL9VTBhoIFFUWYqbacE=
github.com/aws/aws-sdk-go-v2/internal/endpoints/v2 v2.7.36/go.mod h1:B/Qr859uxWUEfZeGotK5KAEoof4Q9YWgNtPSwV6jcyk=
github.com/aws/aws-sdk-go-v2/internal/v4a v1.4.37 h1:oyd3ke4V9AhKcRR7rRgxk1VyI+DjK2CBQtbxh3OkdaA=
github.com/aws/aws-sdk-go-v2/internal/v4a v1.4.37/go.mod h1:aA9D7SqfG9IC1b7FLD7Iyc8Q4JN0a8gHhNjN4zPlIaI=
github.com/aws/aws-sdk-go-v2/service/account v1.35.5 h1:KmJV9hZ939ZuivF/GxlYlbuVplzxchH/SK3MCXKvyJ8=
github.com/aws/aws-sdk-go-v2/service/account v1.35.5/go.mod h1:gaMjjLHAUup28fTGR5K6awK9X9IiXdcM22QNwYKozj0=
github.com/aws/aws-sdk-go-v2/service/batch v1.68.5 h1:XVuCfeJCLvWtGQVUfh6Q2w15GN5Iypw5oUoOERoQBqo=
github.com/aws/aws-sdk-go-v2/service/batch v1.68.5/go.mod h1:9OC7hIonKXRVtLkdULY0lWw39ZtBH/SSsybQq3Ut9zA=
github.com/aws/aws-sdk-go-v2/service/cloudtrail v1.58.5 h1:IW3YOylp+V+c6xt8Lu+wEZu4TDL9yVNFgpwWrlON+yc=
github.com/aws/aws-sdk-go-v2/service/cloudtrail v1.58.5/go.mod h1:sIZpF3UTDuqWuVaav9CkiGN7XBv8N+bse0twkorKaqs=
github.com/aws/aws-sdk-go-v2/service/cloudwatchlogs v1.82.1 h1:RZmoYM5aORy4KwkyoYDOTaYxE2ZJ28wYS5X/V3RUNfo=
github.com/aws/aws-sdk-go-v2/service/cloudwatchlogs v1.82.1/go.mod h1:2QFUZwZu9xvzoLUbgUYZUTe7zWbTduEcSXLekQiExMQ=
github.com/aws/aws-sdk-go-v2/service/ec2 v1.321.1 h1:rywWzHJUn9975OI1crMvzPzCPnwm1n5yVmU0HDc/izE=
github.com/aws/aws-sdk-go-v2/service/ec2 v1.321.1/go.mod h1:r6DvSY3Gc51qW84EFQ175rEriqyz9cIOU9zxAGSnb7A=
github.com/aws/aws-sdk-go-v2/service/ecs v1.90.1 h1:X6uVy3H1Xg7GK1SGrhwadV0IBIagB5WD/uO7iKr0ZE8=
github.com/aws/aws-sdk-go-v2/service/ecs v1.90.1/go.mod h1:sLTx85N+itmZPBvAufetc8CFCBE5RQSEuiaelJuPyVs=
github.com/aws/aws-sdk-go-v2/service/eventbridge v1.48.5 h1:pr74r7rrAlxzbNZ3M62sZPkkfVaZv4y0zJAc+zJZdQo=
github.com/aws/aws-sdk-go-v2/service/eventbridge v1.48.5/go.mod h1:KEHNsKgUKn1+HYQDwk/C/yMbu+pR6nyLDZedJJc3lSU=
github.com/aws/aws-sdk-go-v2/service/glue v1.152.2 h1:qg1/fYDoGOhsLz/sCupezkh4j0hyZGw0JNQUcXrrC3E=
github.com/aws/aws-sdk-go-v2/service/glue v1.152.2/go.mod h1:gCCX39QKs/+0xqqBmF0NomCa98xKqYXAm4YOhRvJrp0=
github.com/aws/aws-sdk-go-v2/service/internal/accept-encoding v1.13.16 h1:iE4NGbvqUZnHDqddQAauZzCILYtFjOHwRM5MOOKLB5A=
github.com/aws/aws-sdk-go-v2/service/internal/accept-encoding v1.13.16/go.mod h1:VsjEgrP+ibcou8TlWA4tYaB+0OojuhirsmCe+U60hTA=
github.com/aws/aws-sdk-go-v2/service/internal/presigned-url v1.13.36 h1:fx2ujmozWn+C/GtfXfz5k6Ckzza40ElOpIW7d92fLWQ=
github.com/aws/aws-sdk-go-v2/service/internal/presigned-url v1.13.36/go.mod h1:QT2ufGVJ+xTRxtXPHTQ1kHkAdWIKPCmD+BqYAXWv8/4=
github.com/aws/aws-sdk-go-v2/service/scheduler v1.20.5 h1:Awx561+saws2xMkHYpOEE542z+HHtLC3imSVN2X0UPA=
github.com/aws/aws-sdk-go-v2/service/scheduler v1.20.5/go.mod h1:cwuC8AYT4vhNEkRhaVfzlIp9qPjSC+1M+8TQIeK31Jw=
github.com/aws/aws-sdk-go-v2/service/sfn v1.45.5 h1:sXrwSOtEDe/vHNIyQntTOnCpFGdu8Uy0Dwt7Kjfh/Q0=
github.com/aws/aws-sdk-go-v2/service/sfn v1.45.5/go.mod h1:Sy/lZ0UNkESgtJ5JCMqECVM3T3I2r39DaohzOW19j+I=
github.com/aws/aws-sdk-go-v2/service/signin v1.5.5 h1:0VTFBfOgPJrUSpGMgzoi8qLcXF5dbmiBuxpo14eBWUw=
github.com/aws/aws-sdk-go-v2/service/signin v1.5.5/go.mod h1:sNZYlBxoohYMBYl47BO/bFtAM6I8HSsPa1qwwPPRGoQ=
github.com/aws/aws-sdk-go-v2/service/sso v1.33.5 h1:jDQARFp1mJ2PEnllQf01nfFXGfWMJ59e0/HCHUTTZCk=
github.com/aws/aws-sdk-go-v2/service/sso v1.33.5/go.mod h1:OcT2AhgTuxGAwZk5hgxaNLGpS33W8s8dUQadGVDVY9I=
github.com/aws/aws-sdk-go-v2/service/ssooidc v1.38.5 h1:8xo1q9ttkYqMJ6vOXX67FPSpVEI7BWKVTKh77g82w+8=
github.com/aws/aws-sdk-go-v2/service/ssooidc v1.38.5/go.mod h1:hbBeEUrZg6VddXYZpbKPyF0tl4XEnM+Dbx92RW3vmZI=
github.com/aws/aws-sdk-go-v2/service/sts v1.45.5 h1:eQ5BtXDrPg2wK0AjtVPzeBhUpYPeqHE/ptiH7xJRGek=
github.com/aws/aws-sdk-go-v2/service/sts v1.45.5/go.mod h1:f9ImhnOISY7BuTZLM8qHepCYnglHBVLk5wVzatmP++w=
github.com/aws/smithy-go v1.27.7 h1:Zgj5z4LfcDYoQIVk+n/yGdTkP/2y6ZT5vYxe0fp7bqE=
github.com/aws/smithy-go v1.27.7/go.mod h1:YE2RhdIuDbA5E5bTdciG9KrW3+TiEONeUWCqxX9i1Fc=
github.com/davecgh/go-spew v1.1.1 h1:vj9j/u1bqnvCEfJOwUhtlOARqs3+rkHYY13jYWTU97c=
github.com/davecgh/go-spew v1.1.1/go.mod h1:J7Y8YcW2NihsgmVo/mv3lAwl/skON4iLHjSsI+c5H38=
github.com/jackc/pgpassfile v1.0.0 h1:/6Hmqy13Ss2zCq62VdNG8tM1wchn8zjSGOBJ6icpsIM=
github.com/jackc/pgpassfile v1.0.0/go.mod h1:CEx0iS5ambNFdcRtxPj5JhEz+xB6uRky5eyVu/W2HEg=
github.com/jackc/pgservicefile v0.0.0-20240606120523-5a60cdf6a761 h1:iCEnooe7UlwOQYpKFhBabPMi4aNAfoODPEFNiAnClxo=
github.com/jackc/pgservicefile v0.0.0-20240606120523-5a60cdf6a761/go.mod h1:5TJZWKEWniPve33vlWYSoGYefn3gLQRzjfDlhSJ9ZKM=
github.com/jackc/pgx/v5 v5.9.2 h1:3ZhOzMWnR4yJ+RW1XImIPsD1aNSz4T4fyP7zlQb56hw=
github.com/jackc/pgx/v5 v5.9.2/go.mod h1:mal1tBGAFfLHvZzaYh77YS/eC6IX9OWbRV1QIIM0Jn4=
github.com/jackc/puddle/v2 v2.2.2 h1:PR8nw+E/1w0GLuRFSmiioY6UooMp6KJv0/61nB7icHo=
github.com/jackc/puddle/v2 v2.2.2/go.mod h1:vriiEXHvEE654aYKXXjOvZM39qJ0q+azkZFrfEOc3H4=
github.com/jinzhu/inflection v1.0.0 h1:K317FqzuhWc8YvSVlFMCCUb36O/S9MCKRDI7QkRKD/E=
github.com/jinzhu/inflection v1.0.0/go.mod h1:h+uFLlag+Qp1Va5pdKtLDYj+kHp5pxUVkryuEj+Srlc=
github.com/jinzhu/now v1.1.5 h1:/o9tlHleP7gOFmsnYNz3RGnqzefHA47wQpKrrdTIwXQ=
github.com/jinzhu/now v1.1.5/go.mod h1:d3SSVoowX0Lcu0IBviAWJpolVfI5UJVZZ7cO71lE/z8=
github.com/pmezard/go-difflib v1.0.0 h1:4DBwDE0NGyQoBHbLQYPwSUPoCMWR5BEzIk/f1lZbAQM=
github.com/pmezard/go-difflib v1.0.0/go.mod h1:iKH77koFhYxTK1pcRnkKkqfTogsbg7gZNVY4sRDYZ/4=
github.com/sirupsen/logrus v1.9.4 h1:TsZE7l11zFCLZnZ+teH4Umoq5BhEIfIzfRDZ1Uzql2w=
github.com/sirupsen/logrus v1.9.4/go.mod h1:ftWc9WdOfJ0a92nsE2jF5u5ZwH8Bv2zdeOC42RjbV2g=
github.com/stretchr/testify v1.11.1 h1:7s2iGBzp5EwR7/aIZr8ao5+dra3wiQyKjjFuvgVKu7U=
github.com/stretchr/testify v1.11.1/go.mod h1:wZwfW3scLgRK+23gO65QZefKpKQRnfz6sD981Nm4B6U=
github.com/urfave/cli/v3 v3.10.1 h1:7Kx9H50hrHbRbyxgO1KP6/BcbiGRz0uYh5YyQ30JEEY=
github.com/urfave/cli/v3 v3.10.1/go.mod h1:ysVLtOEmg2tOy6PknnYVhDoouyC/6N42TMeoMzskhso=
github.com/y-miyazaki/go-common v0.10.4 h1:pXE+RZnXb0Ok1CTpp5WCRvwS+l9PbQ/H99ki2CZdcBQ=
github.com/y-miyazaki/go-common v0.10.4/go.mod h1:z6SBZjwLiGjc73TsbOvSVWjUl9BjmncXb/FB3AUFq68=
go.uber.org/goleak v1.3.0 h1:2K3zAYmnTNqV73imy9J1T3WC+gmCePx2hEGkimedGto=
go.uber.org/goleak v1.3.0/go.mod h1:CoHD4mav9JJNrW/WLlf7HGZPjdw8EucARQHekz1X6bE=
go.uber.org/multierr v1.11.0 h1:blXXJkSxSSfBVBlC76pxqeO+LN3aDfLQo+309xJstO0=
go.uber.org/multierr v1.11.0/go.mod h1:20+QtiLqy0Nd6FdQB9TLXag12DsQkrbs3htMFfDN80Y=
go.uber.org/zap v1.28.0 h1:IZzaP1Fv73/T/pBMLk4VutPl36uNC+OSUh3JLG3FIjo=
go.uber.org/zap v1.28.0/go.mod h1:rDLpOi171uODNm/mxFcuYWxDsqWSAVkFdX4XojSKg/Q=
go.yaml.in/yaml/v3 v3.0.4 h1:tfq32ie2Jv2UxXFdLJdh3jXuOzWiL1fo0bu/FbuKpbc=
go.yaml.in/yaml/v3 v3.0.4/go.mod h1:DhzuOOF2ATzADvBadXxruRBLzYTpT36CKvDb3+aBEFg=
golang.org/x/sync v0.21.0 h1:HLII4xRRTtCRkxYp4HNFF0Js/Og6q2i++KXbg0gHCwM=
golang.org/x/sync v0.21.0/go.mod h1:9xrNwdLfx4jkKbNva9FpL6vEN7evnE43NNNJQ2LF3+0=
golang.org/x/sys v0.46.0 h1:noSf2Fq6F8DBgS+LysIkx7rIExoNHJsxOAtPp4rthXw=
golang.org/x/sys v0.46.0/go.mod h1:4GL1E5IUh+htKOUEOaiffhrAeqysfVGipDYzABqnCmw=
golang.org/x/text v0.38.0 h1:sXmwo9DwP3OK9EZ7PqAdaooSGozfl/3a6/xJcbzPRhE=
golang.org/x/text v0.38.0/go.mod h1:YXZt3QhHUKYT53r2lLKFIVi6Ao1jdzrTR/KQ09qyxF4=
gopkg.in/yaml.v3 v3.0.1 h1:fxVm/GzAzEWqLHuvctI91KS9hhNmmWOoWu0XTYJS7CA=
gopkg.in/yaml.v3 v3.0.1/go.mod h1:K4uyk7z7BCEPqu6E+C64Yfv1cQ7kz7rIZviUmN+EgEM=
gorm.io/driver/postgres v1.6.0 h1:2dxzU8xJ+ivvqTRph34QX+WrRaJlmfyPqXmoGVjMBa4=
gorm.io/driver/postgres v1.6.0/go.mod h1:vUw0mrGgrTK+uPHEhAdV4sfFELrByKVGnaVRkXDhtWo=
gorm.io/gorm v1.31.1 h1:7CA8FTFz/gRfgqgpeKIBcervUn3xSyPUmr6B2WXJ7kg=
gorm.io/gorm v1.31.1/go.mod h1:XyQVbO2k6YkOis7C2437jSit3SsDK72s7n7rsSHd+Gs=
